
Microsoft Visual Studio Solution File, Format Version 12.00
# Visual Studio Version 16
VisualStudioVersion = 16.0.31702.278
MinimumVisualStudioVersion = 10.0.40219.1
Project("{FAE04EC0-301F-11D3-BF4B-00C04F79EFBC}") = "CalculadoraStyled", "CalculadoraStyled\CalculadoraStyled.csproj", "{7A038DC9-2089-43AE-9780-7324D832BB27}"
EndProject
Global
	GlobalSection(SolutionConfigurationPlatforms) = preSolution
		Debug|Any CPU = Debug|Any CPU
		Release|Any CPU = Release|Any CPU
	EndGlobalSection
	GlobalSection(ProjectConfigurationPlatforms) = postSolution
		{7A038DC9-2089-43AE-9780-7324D832BB27}.Debug|Any CPU.ActiveCfg = Debug|Any CPU
		{7A038DC9-2089-43AE-9780-7324D832BB27}.Debug|Any CPU.Build.0 = Debug|Any CPU
		{7A038DC9-2089-43AE-9780-7324D832BB27}.Release|Any CPU.ActiveCfg = Release|Any CPU
		{7A038DC9-2089-43AE-9780-7324D832BB27}.Release|Any CPU.Build.0 = Release|Any CPU
	EndGlobalSection
	GlobalSection(SolutionProperties) = preSolution
		HideSolutionNode = FALSE
	EndGlobalSection
	GlobalSection(ExtensibilityGlobals) = postSolution
		SolutionGuid = {1A33608D-648E-468A-BC9B-17D53EBC8AF0}
	EndGlobalSection
EndGlobal
